// !$*UTF8*$!
{
	archiveVersion = 1;
	classes = {
	};
	objectVersion = 46;
	objects = {

/* Begin PBXBuildFile section */
		95062D0B1A0D2A6200B4162D /* Extensions.swift in Sources */ = {isa = PBXBuildFile; fileRef = 95062D0A1A0D2A6200B4162D /* Extensions.swift */; };
		9509E0001A55F60B00F5083B /* Repost.swift in Sources */ = {isa = PBXBuildFile; fileRef = 9509DFFF1A55F60B00F5083B /* Repost.swift */; };
		9530E0831A075073001DB24E /* Comment.swift in Sources */ = {isa = PBXBuildFile; fileRef = 9530E0821A075073001DB24E /* Comment.swift */; };
		9530E0851A0754B3001DB24E /* CommentCell.swift in Sources */ = {isa = PBXBuildFile; fileRef = 9530E0841A0754B3001DB24E /* CommentCell.swift */; };
		954382961A5A7F8A0036C237 /* SingleGroupTableViewController.swift in Sources */ = {isa = PBXBuildFile; fileRef = 954382951A5A7F8A0036C237 /* SingleGroupTableViewController.swift */; };
		954382991A5A7FAA0036C237 /* GroupTableViewController.swift in Sources */ = {isa = PBXBuildFile; fileRef = 954382981A5A7FAA0036C237 /* GroupTableViewController.swift */; };
		95468AEF19F99B4D00F158DE /* HomeTableViewController.swift in Sources */ = {isa = PBXBuildFile; fileRef = 95468AEE19F99B4D00F158DE /* HomeTableViewController.swift */; };
		95468AF119F99B8A00F158DE /* PostCell.swift in Sources */ = {isa = PBXBuildFile; fileRef = 95468AF019F99B8A00F158DE /* PostCell.swift */; };
		95468AF319F99D7A00F158DE /* Post.swift in Sources */ = {isa = PBXBuildFile; fileRef = 95468AF219F99D7A00F158DE /* Post.swift */; };
		954A5DE61A4D00E50011DB1C /* RepostCell.swift in Sources */ = {isa = PBXBuildFile; fileRef = 954A5DE51A4D00E50011DB1C /* RepostCell.swift */; };
		954D99AA1A04865D002490C4 /* PostTableViewController.swift in Sources */ = {isa = PBXBuildFile; fileRef = 954D99A91A04865D002490C4 /* PostTableViewController.swift */; };
		954E48061A035AB600598B6D /* FormattedNavigationViewController.swift in Sources */ = {isa = PBXBuildFile; fileRef = 954E48051A035AB600598B6D /* FormattedNavigationViewController.swift */; };
		958321C11A461CFB003F2034 /* Alamofire.framework in Copy Frameworks */ = {isa = PBXBuildFile; fileRef = 958321BA1A461C61003F2034 /* Alamofire.framework */; settings = {ATTRIBUTES = (CodeSignOnCopy, RemoveHeadersOnCopy, ); }; };
		958321C61A461DC5003F2034 /* SwiftyJSON.swift in Sources */ = {isa = PBXBuildFile; fileRef = 958321C51A461DC5003F2034 /* SwiftyJSON.swift */; };
		958321CB1A462048003F2034 /* DataManager.swift in Sources */ = {isa = PBXBuildFile; fileRef = 958321CA1A462048003F2034 /* DataManager.swift */; };
		9587A7311A43E74E003CDE64 /* MultiplePostsTableViewController.swift in Sources */ = {isa = PBXBuildFile; fileRef = 9587A7301A43E74E003CDE64 /* MultiplePostsTableViewController.swift */; };
		9587A7341A43E8F2003CDE64 /* SingleUserTableViewController.swift in Sources */ = {isa = PBXBuildFile; fileRef = 9587A7331A43E8F2003CDE64 /* SingleUserTableViewController.swift */; };
		9587A7381A43F09E003CDE64 /* MultipleGroupsTableViewController.swift in Sources */ = {isa = PBXBuildFile; fileRef = 9587A7371A43F09E003CDE64 /* MultipleGroupsTableViewController.swift */; };
		959E0F0D1A2538C7008B4D19 /* GroupCell.swift in Sources */ = {isa = PBXBuildFile; fileRef = 959E0F0C1A2538C7008B4D19 /* GroupCell.swift */; };
		959E0F0F1A2538D7008B4D19 /* Group.swift in Sources */ = {isa = PBXBuildFile; fileRef = 959E0F0E1A2538D7008B4D19 /* Group.swift */; };
		959E0F111A253A1E008B4D19 /* MyGroupsTableViewController.swift in Sources */ = {isa = PBXBuildFile; fileRef = 959E0F101A253A1E008B4D19 /* MyGroupsTableViewController.swift */; };
		95A0575E1A463F6B000F7142 /* LogInViewController.swift in Sources */ = {isa = PBXBuildFile; fileRef = 95A0575D1A463F6B000F7142 /* LogInViewController.swift */; };
		95A057611A4640F2000F7142 /* TabViewController.swift in Sources */ = {isa = PBXBuildFile; fileRef = 95A057601A4640F2000F7142 /* TabViewController.swift */; };
		95A1C9351A0BE95600914DB0 /* User.swift in Sources */ = {isa = PBXBuildFile; fileRef = 95A1C9341A0BE95600914DB0 /* User.swift */; };
		95B2B6391A5B22E500EAE822 /* UserTableViewController.swift in Sources */ = {isa = PBXBuildFile; fileRef = 95B2B6381A5B22E500EAE822 /* UserTableViewController.swift */; };
		95B2B63C1A5B3A7100EAE822 /* GroupsTableViewController.swift in Sources */ = {isa = PBXBuildFile; fileRef = 95B2B63B1A5B3A7100EAE822 /* GroupsTableViewController.swift */; };
		95BCC5C21A58E092008A6948 /* SinglePostTableViewController.swift in Sources */ = {isa = PBXBuildFile; fileRef = 95BCC5C11A58E092008A6948 /* SinglePostTableViewController.swift */; };
		95E496921A15208500154864 /* UserCell.swift in Sources */ = {isa = PBXBuildFile; fileRef = 95E496911A15208500154864 /* UserCell.swift */; };
		95E496941A1520AB00154864 /* MeTableViewController.swift in Sources */ = {isa = PBXBuildFile; fileRef = 95E496931A1520AB00154864 /* MeTableViewController.swift */; };
		95EFD2AA19F8D2B400086BAF /* AppDelegate.swift in Sources */ = {isa = PBXBuildFile; fileRef = 95EFD2A919F8D2B400086BAF /* AppDelegate.swift */; };
		95EFD2AF19F8D2B400086BAF /* Main.storyboard in Resources */ = {isa = PBXBuildFile; fileRef = 95EFD2AD19F8D2B400086BAF /* Main.storyboard */; };
		95EFD2B119F8D2B400086BAF /* Images.xcassets in Resources */ = {isa = PBXBuildFile; fileRef = 95EFD2B019F8D2B400086BAF /* Images.xcassets */; };
		95EFD2B419F8D2B400086BAF /* LaunchScreen.xib in Resources */ = {isa = PBXBuildFile; fileRef = 95EFD2B219F8D2B400086BAF /* LaunchScreen.xib */; };
		95EFD2C019F8D2B400086BAF /* CilloTests.swift in Sources */ = {isa = PBXBuildFile; fileRef = 95EFD2BF19F8D2B400086BAF /* CilloTests.swift */; };
/* End PBXBuildFile section */

/* Begin PBXContainerItemProxy section */
		958321B91A461C61003F2034 /* PBXContainerItemProxy */ = {
			isa = PBXContainerItemProxy;
			containerPortal = 958321B41A461C61003F2034 /* Alamofire.xcodeproj */;
			proxyType = 2;
			remoteGlobalIDString = F8111E3319A95C8B0040E7D1;
			remoteInfo = Alamofire;
		};
		958321BB1A461C61003F2034 /* PBXContainerItemProxy */ = {
			isa = PBXContainerItemProxy;
			containerPortal = 958321B41A461C61003F2034 /* Alamofire.xcodeproj */;
			proxyType = 2;
			remoteGlobalIDString = F8111E3E19A95C8B0040E7D1;
			remoteInfo = AlamofireTests;
		};
		958321BD1A461CA2003F2034 /* PBXContainerItemProxy */ = {
			isa = PBXContainerItemProxy;
			containerPortal = 958321B41A461C61003F2034 /* Alamofire.xcodeproj */;
			proxyType = 1;
			remoteGlobalIDString = F8111E3219A95C8B0040E7D1;
			remoteInfo = Alamofire;
		};
		95EFD2BA19F8D2B400086BAF /* PBXContainerItemProxy */ = {
			isa = PBXContainerItemProxy;
			containerPortal = 95EFD29C19F8D2B400086BAF /* Project object */;
			proxyType = 1;
			remoteGlobalIDString = 95EFD2A319F8D2B400086BAF;
			remoteInfo = Cillo;
		};
/* End PBXContainerItemProxy section */

/* Begin PBXCopyFilesBuildPhase section */
		958321C01A461CE1003F2034 /* Copy Frameworks */ = {
			isa = PBXCopyFilesBuildPhase;
			buildActionMask = 2147483647;
			dstPath = "";
			dstSubfolderSpec = 10;
			files = (
				958321C11A461CFB003F2034 /* Alamofire.framework in Copy Frameworks */,
			);
			name = "Copy Frameworks";
			runOnlyForDeploymentPostprocessing = 0;
		};
/* End PBXCopyFilesBuildPhase section */

/* Begin PBXFileReference section */
		95062D0A1A0D2A6200B4162D /* Extensions.swift */ = {isa = PBXFileReference; fileEncoding = 4; lastKnownFileType = sourcecode.swift; path = Extensions.swift; sourceTree = "<group>"; };
		9509DFFF1A55F60B00F5083B /* Repost.swift */ = {isa = PBXFileReference; fileEncoding = 4; lastKnownFileType = sourcecode.swift; path = Repost.swift; sourceTree = "<group>"; };
		9530E0821A075073001DB24E /* Comment.swift */ = {isa = PBXFileReference; fileEncoding = 4; lastKnownFileType = sourcecode.swift; path = Comment.swift; sourceTree = "<group>"; };
		9530E0841A0754B3001DB24E /* CommentCell.swift */ = {isa = PBXFileReference; fileEncoding = 4; lastKnownFileType = sourcecode.swift; path = CommentCell.swift; sourceTree = "<group>"; };
		954382951A5A7F8A0036C237 /* SingleGroupTableViewController.swift */ = {isa = PBXFileReference; fileEncoding = 4; lastKnownFileType = sourcecode.swift; path = SingleGroupTableViewController.swift; sourceTree = "<group>"; };
		954382981A5A7FAA0036C237 /* GroupTableViewController.swift */ = {isa = PBXFileReference; fileEncoding = 4; lastKnownFileType = sourcecode.swift; path = GroupTableViewController.swift; sourceTree = "<group>"; };
		95468AEE19F99B4D00F158DE /* HomeTableViewController.swift */ = {isa = PBXFileReference; fileEncoding = 4; lastKnownFileType = sourcecode.swift; path = HomeTableViewController.swift; sourceTree = "<group>"; };
		95468AF019F99B8A00F158DE /* PostCell.swift */ = {isa = PBXFileReference; fileEncoding = 4; lastKnownFileType = sourcecode.swift; path = PostCell.swift; sourceTree = "<group>"; };
		95468AF219F99D7A00F158DE /* Post.swift */ = {isa = PBXFileReference; fileEncoding = 4; lastKnownFileType = sourcecode.swift; path = Post.swift; sourceTree = "<group>"; };
		954A5DE51A4D00E50011DB1C /* RepostCell.swift */ = {isa = PBXFileReference; fileEncoding = 4; lastKnownFileType = sourcecode.swift; path = RepostCell.swift; sourceTree = "<group>"; };
		954D99A91A04865D002490C4 /* PostTableViewController.swift */ = {isa = PBXFileReference; fileEncoding = 4; lastKnownFileType = sourcecode.swift; path = PostTableViewController.swift; sourceTree = "<group>"; };
		954E48051A035AB600598B6D /* FormattedNavigationViewController.swift */ = {isa = PBXFileReference; fileEncoding = 4; lastKnownFileType = sourcecode.swift; path = FormattedNavigationViewController.swift; sourceTree = "<group>"; };
		958321B41A461C61003F2034 /* Alamofire.xcodeproj */ = {isa = PBXFileReference; lastKnownFileType = "wrapper.pb-project"; name = Alamofire.xcodeproj; path = Alamofire/Alamofire.xcodeproj; sourceTree = SOURCE_ROOT; };
		958321C51A461DC5003F2034 /* SwiftyJSON.swift */ = {isa = PBXFileReference; fileEncoding = 4; lastKnownFileType = sourcecode.swift; path = SwiftyJSON.swift; sourceTree = "<group>"; };
		958321CA1A462048003F2034 /* DataManager.swift */ = {isa = PBXFileReference; fileEncoding = 4; lastKnownFileType = sourcecode.swift; path = DataManager.swift; sourceTree = "<group>"; };
		9587A7301A43E74E003CDE64 /* MultiplePostsTableViewController.swift */ = {isa = PBXFileReference; fileEncoding = 4; lastKnownFileType = sourcecode.swift; path = MultiplePostsTableViewController.swift; sourceTree = "<group>"; };
		9587A7331A43E8F2003CDE64 /* SingleUserTableViewController.swift */ = {isa = PBXFileReference; fileEncoding = 4; lastKnownFileType = sourcecode.swift; path = SingleUserTableViewController.swift; sourceTree = "<group>"; };
		9587A7371A43F09E003CDE64 /* MultipleGroupsTableViewController.swift */ = {isa = PBXFileReference; fileEncoding = 4; lastKnownFileType = sourcecode.swift; path = MultipleGroupsTableViewController.swift; sourceTree = "<group>"; };
		959E0F0C1A2538C7008B4D19 /* GroupCell.swift */ = {isa = PBXFileReference; fileEncoding = 4; lastKnownFileType = sourcecode.swift; path = GroupCell.swift; sourceTree = "<group>"; };
		959E0F0E1A2538D7008B4D19 /* Group.swift */ = {isa = PBXFileReference; fileEncoding = 4; lastKnownFileType = sourcecode.swift; path = Group.swift; sourceTree = "<group>"; };
		959E0F101A253A1E008B4D19 /* MyGroupsTableViewController.swift */ = {isa = PBXFileReference; fileEncoding = 4; lastKnownFileType = sourcecode.swift; path = MyGroupsTableViewController.swift; sourceTree = "<group>"; };
		95A0575D1A463F6B000F7142 /* LogInViewController.swift */ = {isa = PBXFileReference; fileEncoding = 4; lastKnownFileType = sourcecode.swift; path = LogInViewController.swift; sourceTree = "<group>"; };
		95A057601A4640F2000F7142 /* TabViewController.swift */ = {isa = PBXFileReference; fileEncoding = 4; lastKnownFileType = sourcecode.swift; path = TabViewController.swift; sourceTree = "<group>"; };
		95A1C9341A0BE95600914DB0 /* User.swift */ = {isa = PBXFileReference; fileEncoding = 4; lastKnownFileType = sourcecode.swift; path = User.swift; sourceTree = "<group>"; };
		95B2B6381A5B22E500EAE822 /* UserTableViewController.swift */ = {isa = PBXFileReference; fileEncoding = 4; lastKnownFileType = sourcecode.swift; path = UserTableViewController.swift; sourceTree = "<group>"; };
		95B2B63B1A5B3A7100EAE822 /* GroupsTableViewController.swift */ = {isa = PBXFileReference; fileEncoding = 4; lastKnownFileType = sourcecode.swift; path = GroupsTableViewController.swift; sourceTree = "<group>"; };
		95BCC5C11A58E092008A6948 /* SinglePostTableViewController.swift */ = {isa = PBXFileReference; fileEncoding = 4; lastKnownFileType = sourcecode.swift; path = SinglePostTableViewController.swift; sourceTree = "<group>"; };
		95E496911A15208500154864 /* UserCell.swift */ = {isa = PBXFileReference; fileEncoding = 4; lastKnownFileType = sourcecode.swift; path = UserCell.swift; sourceTree = "<group>"; };
		95E496931A1520AB00154864 /* MeTableViewController.swift */ = {isa = PBXFileReference; fileEncoding = 4; lastKnownFileType = sourcecode.swift; path = MeTableViewController.swift; sourceTree = "<group>"; };
		95EFD2A419F8D2B400086BAF /* Cillo.app */ = {isa = PBXFileReference; explicitFileType = wrapper.application; includeInIndex = 0; path = Cillo.app; sourceTree = BUILT_PRODUCTS_DIR; };
		95EFD2A819F8D2B400086BAF /* Info.plist */ = {isa = PBXFileReference; lastKnownFileType = text.plist.xml; path = Info.plist; sourceTree = "<group>"; };
		95EFD2A919F8D2B400086BAF /* AppDelegate.swift */ = {isa = PBXFileReference; lastKnownFileType = sourcecode.swift; path = AppDelegate.swift; sourceTree = "<group>"; };
		95EFD2AE19F8D2B400086BAF /* Base */ = {isa = PBXFileReference; lastKnownFileType = file.storyboard; name = Base; path = Base.lproj/Main.storyboard; sourceTree = "<group>"; };
		95EFD2B019F8D2B400086BAF /* Images.xcassets */ = {isa = PBXFileReference; lastKnownFileType = folder.assetcatalog; path = Images.xcassets; sourceTree = "<group>"; };
		95EFD2B319F8D2B400086BAF /* Base */ = {isa = PBXFileReference; lastKnownFileType = file.xib; name = Base; path = Base.lproj/LaunchScreen.xib; sourceTree = "<group>"; };
		95EFD2B919F8D2B400086BAF /* CilloTests.xctest */ = {isa = PBXFileReference; explicitFileType = wrapper.cfbundle; includeInIndex = 0; path = CilloTests.xctest; sourceTree = BUILT_PRODUCTS_DIR; };
		95EFD2BE19F8D2B400086BAF /* Info.plist */ = {isa = PBXFileReference; lastKnownFileType = text.plist.xml; path = Info.plist; sourceTree = "<group>"; };
		95EFD2BF19F8D2B400086BAF /* CilloTests.swift */ = {isa = PBXFileReference; lastKnownFileType = sourcecode.swift; path = CilloTests.swift; sourceTree = "<group>"; };
/* End PBXFileReference section */

/* Begin PBXFrameworksBuildPhase section */
		95EFD2A119F8D2B400086BAF /* Frameworks */ = {
			isa = PBXFrameworksBuildPhase;
			buildActionMask = 2147483647;
			files = (
			);
			runOnlyForDeploymentPostprocessing = 0;
		};
		95EFD2B619F8D2B400086BAF /* Frameworks */ = {
			isa = PBXFrameworksBuildPhase;
			buildActionMask = 2147483647;
			files = (
			);
			runOnlyForDeploymentPostprocessing = 0;
		};
/* End PBXFrameworksBuildPhase section */

/* Begin PBXGroup section */
		95352D6E1A155BF200874B0F /* Cells */ = {
			isa = PBXGroup;
			children = (
				95468AF019F99B8A00F158DE /* PostCell.swift */,
				954A5DE51A4D00E50011DB1C /* RepostCell.swift */,
				9530E0841A0754B3001DB24E /* CommentCell.swift */,
				959E0F0C1A2538C7008B4D19 /* GroupCell.swift */,
				95E496911A15208500154864 /* UserCell.swift */,
			);
			name = Cells;
			sourceTree = "<group>";
		};
		95352D6F1A155C0E00874B0F /* Model */ = {
			isa = PBXGroup;
			children = (
				95468AF219F99D7A00F158DE /* Post.swift */,
				9509DFFF1A55F60B00F5083B /* Repost.swift */,
				9530E0821A075073001DB24E /* Comment.swift */,
				959E0F0E1A2538D7008B4D19 /* Group.swift */,
				95A1C9341A0BE95600914DB0 /* User.swift */,
			);
			name = Model;
			sourceTree = "<group>";
		};
		95352D701A155C3500874B0F /* Root TVCs */ = {
			isa = PBXGroup;
			children = (
				95468AEE19F99B4D00F158DE /* HomeTableViewController.swift */,
				959E0F101A253A1E008B4D19 /* MyGroupsTableViewController.swift */,
				95E496931A1520AB00154864 /* MeTableViewController.swift */,
			);
			name = "Root TVCs";
			sourceTree = "<group>";
		};
		95352D711A155C4100874B0F /* Other TVCs */ = {
			isa = PBXGroup;
			children = (
				954D99A91A04865D002490C4 /* PostTableViewController.swift */,
				954382981A5A7FAA0036C237 /* GroupTableViewController.swift */,
				95B2B6381A5B22E500EAE822 /* UserTableViewController.swift */,
				95B2B63B1A5B3A7100EAE822 /* GroupsTableViewController.swift */,
			);
			name = "Other TVCs";
			sourceTree = "<group>";
		};
		95352D721A155C4D00874B0F /* NCs */ = {
			isa = PBXGroup;
			children = (
				954E48051A035AB600598B6D /* FormattedNavigationViewController.swift */,
			);
			name = NCs;
			sourceTree = "<group>";
		};
		958321B51A461C61003F2034 /* Products */ = {
			isa = PBXGroup;
			children = (
				958321BA1A461C61003F2034 /* Alamofire.framework */,
				958321BC1A461C61003F2034 /* AlamofireTests.xctest */,
			);
			name = Products;
			sourceTree = "<group>";
		};
		958321C21A461D28003F2034 /* Vendor */ = {
			isa = PBXGroup;
			children = (
				958321C31A461D39003F2034 /* Alamofire */,
				958321C41A461D45003F2034 /* SwiftyJSON */,
			);
			name = Vendor;
			sourceTree = "<group>";
		};
		958321C31A461D39003F2034 /* Alamofire */ = {
			isa = PBXGroup;
			children = (
				958321B41A461C61003F2034 /* Alamofire.xcodeproj */,
			);
			name = Alamofire;
			sourceTree = "<group>";
		};
		958321C41A461D45003F2034 /* SwiftyJSON */ = {
			isa = PBXGroup;
			children = (
				958321C51A461DC5003F2034 /* SwiftyJSON.swift */,
			);
			name = SwiftyJSON;
			sourceTree = "<group>";
		};
		958321C71A461F76003F2034 /* Storyboard */ = {
			isa = PBXGroup;
			children = (
				95EFD2AD19F8D2B400086BAF /* Main.storyboard */,
			);
			name = Storyboard;
			sourceTree = "<group>";
		};
		958321C91A462015003F2034 /* Data */ = {
			isa = PBXGroup;
			children = (
				958321CA1A462048003F2034 /* DataManager.swift */,
			);
			name = Data;
			sourceTree = "<group>";
		};
		9587A7321A43E855003CDE64 /* Parent TVCs */ = {
			isa = PBXGroup;
			children = (
				9587A7301A43E74E003CDE64 /* MultiplePostsTableViewController.swift */,
				9587A7371A43F09E003CDE64 /* MultipleGroupsTableViewController.swift */,
				9587A7331A43E8F2003CDE64 /* SingleUserTableViewController.swift */,
				95BCC5C11A58E092008A6948 /* SinglePostTableViewController.swift */,
				954382951A5A7F8A0036C237 /* SingleGroupTableViewController.swift */,
			);
			name = "Parent TVCs";
			sourceTree = "<group>";
		};
		9587A73A1A43F256003CDE64 /* VCs */ = {
			isa = PBXGroup;
			children = (
				95A0575D1A463F6B000F7142 /* LogInViewController.swift */,
				95DB34321A54834B008A8DC0 /* TBCs */,
				95352D721A155C4D00874B0F /* NCs */,
				9587A7321A43E855003CDE64 /* Parent TVCs */,
				95352D701A155C3500874B0F /* Root TVCs */,
				95352D711A155C4100874B0F /* Other TVCs */,
			);
			name = VCs;
			sourceTree = "<group>";
		};
		95DB34321A54834B008A8DC0 /* TBCs */ = {
			isa = PBXGroup;
			children = (
				95A057601A4640F2000F7142 /* TabViewController.swift */,
			);
			name = TBCs;
			sourceTree = "<group>";
		};
		95EFD29B19F8D2B400086BAF = {
			isa = PBXGroup;
			children = (
				95EFD2A619F8D2B400086BAF /* Cillo */,
				95EFD2BC19F8D2B400086BAF /* CilloTests */,
				95EFD2A519F8D2B400086BAF /* Products */,
			);
			sourceTree = "<group>";
		};
		95EFD2A519F8D2B400086BAF /* Products */ = {
			isa = PBXGroup;
			children = (
				95EFD2A419F8D2B400086BAF /* Cillo.app */,
				95EFD2B919F8D2B400086BAF /* CilloTests.xctest */,
			);
			name = Products;
			sourceTree = "<group>";
		};
		95EFD2A619F8D2B400086BAF /* Cillo */ = {
			isa = PBXGroup;
			children = (
				958321C71A461F76003F2034 /* Storyboard */,
				958321C21A461D28003F2034 /* Vendor */,
				958321C91A462015003F2034 /* Data */,
				9587A73A1A43F256003CDE64 /* VCs */,
				95352D6E1A155BF200874B0F /* Cells */,
				95352D6F1A155C0E00874B0F /* Model */,
				95EFD2A719F8D2B400086BAF /* Supporting Files */,
			);
			path = Cillo;
			sourceTree = "<group>";
		};
		95EFD2A719F8D2B400086BAF /* Supporting Files */ = {
			isa = PBXGroup;
			children = (
				95062D0A1A0D2A6200B4162D /* Extensions.swift */,
				95EFD2B019F8D2B400086BAF /* Images.xcassets */,
				95EFD2B219F8D2B400086BAF /* LaunchScreen.xib */,
				95EFD2A919F8D2B400086BAF /* AppDelegate.swift */,
				95EFD2A819F8D2B400086BAF /* Info.plist */,
			);
			name = "Supporting Files";
			sourceTree = "<group>";
		};
		95EFD2BC19F8D2B400086BAF /* CilloTests */ = {
			isa = PBXGroup;
			children = (
				95EFD2BF19F8D2B400086BAF /* CilloTests.swift */,
				95EFD2BD19F8D2B400086BAF /* Supporting Files */,
			);
			path = CilloTests;
			sourceTree = "<group>";
		};
		95EFD2BD19F8D2B400086BAF /* Supporting Files */ = {
			isa = PBXGroup;
			children = (
				95EFD2BE19F8D2B400086BAF /* Info.plist */,
			);
			name = "Supporting Files";
			sourceTree = "<group>";
		};
/* End PBXGroup section */

/* Begin PBXNativeTarget section */
		95EFD2A319F8D2B400086BAF /* Cillo */ = {
			isa = PBXNativeTarget;
			buildConfigurationList = 95EFD2C319F8D2B400086BAF /* Build configuration list for PBXNativeTarget "Cillo" */;
			buildPhases = (
				95EFD2A019F8D2B400086BAF /* Sources */,
				95EFD2A119F8D2B400086BAF /* Frameworks */,
				95EFD2A219F8D2B400086BAF /* Resources */,
				958321C01A461CE1003F2034 /* Copy Frameworks */,
			);
			buildRules = (
			);
			dependencies = (
				958321BE1A461CA2003F2034 /* PBXTargetDependency */,
			);
			name = Cillo;
			productName = Cillo;
			productReference = 95EFD2A419F8D2B400086BAF /* Cillo.app */;
			productType = "com.apple.product-type.application";
		};
		95EFD2B819F8D2B400086BAF /* CilloTests */ = {
			isa = PBXNativeTarget;
			buildConfigurationList = 95EFD2C619F8D2B400086BAF /* Build configuration list for PBXNativeTarget "CilloTests" */;
			buildPhases = (
				95EFD2B519F8D2B400086BAF /* Sources */,
				95EFD2B619F8D2B400086BAF /* Frameworks */,
				95EFD2B719F8D2B400086BAF /* Resources */,
			);
			buildRules = (
			);
			dependencies = (
				95EFD2BB19F8D2B400086BAF /* PBXTargetDependency */,
			);
			name = CilloTests;
			productName = CilloTests;
			productReference = 95EFD2B919F8D2B400086BAF /* CilloTests.xctest */;
			productType = "com.apple.product-type.bundle.unit-test";
		};
/* End PBXNativeTarget section */

/* Begin PBXProject section */
		95EFD29C19F8D2B400086BAF /* Project object */ = {
			isa = PBXProject;
			attributes = {
				LastUpgradeCheck = 0610;
				ORGANIZATIONNAME = Cillo;
				TargetAttributes = {
					95EFD2A319F8D2B400086BAF = {
						CreatedOnToolsVersion = 6.1;
					};
					95EFD2B819F8D2B400086BAF = {
						CreatedOnToolsVersion = 6.1;
						TestTargetID = 95EFD2A319F8D2B400086BAF;
					};
				};
			};
			buildConfigurationList = 95EFD29F19F8D2B400086BAF /* Build configuration list for PBXProject "Cillo" */;
			compatibilityVersion = "Xcode 3.2";
			developmentRegion = English;
			hasScannedForEncodings = 0;
			knownRegions = (
				en,
				Base,
			);
			mainGroup = 95EFD29B19F8D2B400086BAF;
			productRefGroup = 95EFD2A519F8D2B400086BAF /* Products */;
			projectDirPath = "";
			projectReferences = (
				{
					ProductGroup = 958321B51A461C61003F2034 /* Products */;
					ProjectRef = 958321B41A461C61003F2034 /* Alamofire.xcodeproj */;
				},
			);
			projectRoot = "";
			targets = (
				95EFD2A319F8D2B400086BAF /* Cillo */,
				95EFD2B819F8D2B400086BAF /* CilloTests */,
			);
		};
/* End PBXProject section */

/* Begin PBXReferenceProxy section */
		958321BA1A461C61003F2034 /* Alamofire.framework */ = {
			isa = PBXReferenceProxy;
			fileType = wrapper.framework;
			path = Alamofire.framework;
			remoteRef = 958321B91A461C61003F2034 /* PBXContainerItemProxy */;
			sourceTree = BUILT_PRODUCTS_DIR;
		};
		958321BC1A461C61003F2034 /* AlamofireTests.xctest */ = {
			isa = PBXReferenceProxy;
			fileType = wrapper.cfbundle;
			path = AlamofireTests.xctest;
			remoteRef = 958321BB1A461C61003F2034 /* PBXContainerItemProxy */;
			sourceTree = BUILT_PRODUCTS_DIR;
		};
/* End PBXReferenceProxy section */

/* Begin PBXResourcesBuildPhase section */
		95EFD2A219F8D2B400086BAF /* Resources */ = {
			isa = PBXResourcesBuildPhase;
			buildActionMask = 2147483647;
			files = (
				95EFD2AF19F8D2B400086BAF /* Main.storyboard in Resources */,
				95EFD2B419F8D2B400086BAF /* LaunchScreen.xib in Resources */,
				95EFD2B119F8D2B400086BAF /* Images.xcassets in Resources */,
			);
			runOnlyForDeploymentPostprocessing = 0;
		};
		95EFD2B719F8D2B400086BAF /* Resources */ = {
			isa = PBXResourcesBuildPhase;
			buildActionMask = 2147483647;
			files = (
			);
			runOnlyForDeploymentPostprocessing = 0;
		};
/* End PBXResourcesBuildPhase section */

/* Begin PBXSourcesBuildPhase section */
		95EFD2A019F8D2B400086BAF /* Sources */ = {
			isa = PBXSourcesBuildPhase;
			buildActionMask = 2147483647;
			files = (
				9587A7341A43E8F2003CDE64 /* SingleUserTableViewController.swift in Sources */,
				95B2B63C1A5B3A7100EAE822 /* GroupsTableViewController.swift in Sources */,
				958321CB1A462048003F2034 /* DataManager.swift in Sources */,
				95062D0B1A0D2A6200B4162D /* Extensions.swift in Sources */,
				95E496941A1520AB00154864 /* MeTableViewController.swift in Sources */,
				9509E0001A55F60B00F5083B /* Repost.swift in Sources */,
				95BCC5C21A58E092008A6948 /* SinglePostTableViewController.swift in Sources */,
				95EFD2AA19F8D2B400086BAF /* AppDelegate.swift in Sources */,
				954D99AA1A04865D002490C4 /* PostTableViewController.swift in Sources */,
				954382991A5A7FAA0036C237 /* GroupTableViewController.swift in Sources */,
				95A057611A4640F2000F7142 /* TabViewController.swift in Sources */,
				95468AEF19F99B4D00F158DE /* HomeTableViewController.swift in Sources */,
				954A5DE61A4D00E50011DB1C /* RepostCell.swift in Sources */,
				9530E0831A075073001DB24E /* Comment.swift in Sources */,
				958321C61A461DC5003F2034 /* SwiftyJSON.swift in Sources */,
				954382961A5A7F8A0036C237 /* SingleGroupTableViewController.swift in Sources */,
				954E48061A035AB600598B6D /* FormattedNavigationViewController.swift in Sources */,
				959E0F0F1A2538D7008B4D19 /* Group.swift in Sources */,
				959E0F0D1A2538C7008B4D19 /* GroupCell.swift in Sources */,
				95B2B6391A5B22E500EAE822 /* UserTableViewController.swift in Sources */,
				959E0F111A253A1E008B4D19 /* MyGroupsTableViewController.swift in Sources */,
				95468AF119F99B8A00F158DE /* PostCell.swift in Sources */,
				95E496921A15208500154864 /* UserCell.swift in Sources */,
				95468AF319F99D7A00F158DE /* Post.swift in Sources */,
				9587A7311A43E74E003CDE64 /* MultiplePostsTableViewController.swift in Sources */,
				95A0575E1A463F6B000F7142 /* LogInViewController.swift in Sources */,
				95A1C9351A0BE95600914DB0 /* User.swift in Sources */,
				9530E0851A0754B3001DB24E /* CommentCell.swift in Sources */,
				9587A7381A43F09E003CDE64 /* MultipleGroupsTableViewController.swift in Sources */,
			);
			runOnlyForDeploymentPostprocessing = 0;
		};
		95EFD2B519F8D2B400086BAF /* Sources */ = {
			isa = PBXSourcesBuildPhase;
			buildActionMask = 2147483647;
			files = (
				95EFD2C019F8D2B400086BAF /* CilloTests.swift in Sources */,
			);
			runOnlyForDeploymentPostprocessing = 0;
		};
/* End PBXSourcesBuildPhase section */

/* Begin PBXTargetDependency section */
		958321BE1A461CA2003F2034 /* PBXTargetDependency */ = {
			isa = PBXTargetDependency;
			name = Alamofire;
			targetProxy = 958321BD1A461CA2003F2034 /* PBXContainerItemProxy */;
		};
		95EFD2BB19F8D2B400086BAF /* PBXTargetDependency */ = {
			isa = PBXTargetDependency;
			target = 95EFD2A319F8D2B400086BAF /* Cillo */;
			targetProxy = 95EFD2BA19F8D2B400086BAF /* PBXContainerItemProxy */;
		};
/* End PBXTargetDependency section */

/* Begin PBXVariantGroup section */
		95EFD2AD19F8D2B400086BAF /* Main.storyboard */ = {
			isa = PBXVariantGroup;
			children = (
				95EFD2AE19F8D2B400086BAF /* Base */,
			);
			name = Main.storyboard;
			sourceTree = "<group>";
		};
		95EFD2B219F8D2B400086BAF /* LaunchScreen.xib */ = {
			isa = PBXVariantGroup;
			children = (
				95EFD2B319F8D2B400086BAF /* Base */,
			);
			name = LaunchScreen.xib;
			sourceTree = "<group>";
		};
/* End PBXVariantGroup section */

/* Begin XCBuildConfiguration section */
		95EFD2C119F8D2B400086BAF /* Debug */ = {
			isa = XCBuildConfiguration;
			buildSettings = {
				ALWAYS_SEARCH_USER_PATHS = NO;
				CLANG_CXX_LANGUAGE_STANDARD = "gnu++0x";
				CLANG_CXX_LIBRARY = "libc++";
				CLANG_ENABLE_MODULES = YES;
				CLANG_ENABLE_OBJC_ARC = YES;
				CLANG_WARN_BOOL_CONVERSION = YES;
				CLANG_WARN_CONSTANT_CONVERSION = YES;
				CLANG_WARN_DIRECT_OBJC_ISA_USAGE = YES_ERROR;
				CLANG_WARN_EMPTY_BODY = YES;
				CLANG_WARN_ENUM_CONVERSION = YES;
				CLANG_WARN_INT_CONVERSION = YES;
				CLANG_WARN_OBJC_ROOT_CLASS = YES_ERROR;
				CLANG_WARN_UNREACHABLE_CODE = YES;
				CLANG_WARN__DUPLICATE_METHOD_MATCH = YES;
				"CODE_SIGN_IDENTITY[sdk=iphoneos*]" = "iPhone Developer";
				COPY_PHASE_STRIP = NO;
				ENABLE_STRICT_OBJC_MSGSEND = YES;
				GCC_C_LANGUAGE_STANDARD = gnu99;
				GCC_DYNAMIC_NO_PIC = NO;
				GCC_OPTIMIZATION_LEVEL = 0;
				GCC_PREPROCESSOR_DEFINITIONS = (
					"DEBUG=1",
					"$(inherited)",
				);
				GCC_SYMBOLS_PRIVATE_EXTERN = NO;
				GCC_WARN_64_TO_32_BIT_CONVERSION = YES;
				GCC_WARN_ABOUT_RETURN_TYPE = YES_ERROR;
				GCC_WARN_UNDECLARED_SELECTOR = YES;
				GCC_WARN_UNINITIALIZED_AUTOS = YES_AGGRESSIVE;
				GCC_WARN_UNUSED_FUNCTION = YES;
				GCC_WARN_UNUSED_VARIABLE = YES;
				IPHONEOS_DEPLOYMENT_TARGET = 8.1;
				MTL_ENABLE_DEBUG_INFO = YES;
				ONLY_ACTIVE_ARCH = YES;
				SDKROOT = iphoneos;
				SWIFT_OPTIMIZATION_LEVEL = "-Onone";
				TARGETED_DEVICE_FAMILY = "1,2";
			};
			name = Debug;
		};
		95EFD2C219F8D2B400086BAF /* Release */ = {
			isa = XCBuildConfiguration;
			buildSettings = {
				ALWAYS_SEARCH_USER_PATHS = NO;
				CLANG_CXX_LANGUAGE_STANDARD = "gnu++0x";
				CLANG_CXX_LIBRARY = "libc++";
				CLANG_ENABLE_MODULES = YES;
				CLANG_ENABLE_OBJC_ARC = YES;
				CLANG_WARN_BOOL_CONVERSION = YES;
				CLANG_WARN_CONSTANT_CONVERSION = YES;
				CLANG_WARN_DIRECT_OBJC_ISA_USAGE = YES_ERROR;
				CLANG_WARN_EMPTY_BODY = YES;
				CLANG_WARN_ENUM_CONVERSION = YES;
				CLANG_WARN_INT_CONVERSION = YES;
				CLANG_WARN_OBJC_ROOT_CLASS = YES_ERROR;
				CLANG_WARN_UNREACHABLE_CODE = YES;
				CLANG_WARN__DUPLICATE_METHOD_MATCH = YES;
				"CODE_SIGN_IDENTITY[sdk=iphoneos*]" = "iPhone Developer";
				COPY_PHASE_STRIP = YES;
				ENABLE_NS_ASSERTIONS = NO;
				ENABLE_STRICT_OBJC_MSGSEND = YES;
				GCC_C_LANGUAGE_STANDARD = gnu99;
				GCC_WARN_64_TO_32_BIT_CONVERSION = YES;
				GCC_WARN_ABOUT_RETURN_TYPE = YES_ERROR;
				GCC_WARN_UNDECLARED_SELECTOR = YES;
				GCC_WARN_UNINITIALIZED_AUTOS = YES_AGGRESSIVE;
				GCC_WARN_UNUSED_FUNCTION = YES;
				GCC_WARN_UNUSED_VARIABLE = YES;
				IPHONEOS_DEPLOYMENT_TARGET = 8.1;
				MTL_ENABLE_DEBUG_INFO = NO;
				SDKROOT = iphoneos;
				TARGETED_DEVICE_FAMILY = "1,2";
				VALIDATE_PRODUCT = YES;
			};
			name = Release;
		};
		95EFD2C419F8D2B400086BAF /* Debug */ = {
			isa = XCBuildConfiguration;
			buildSettings = {
				ASSETCATALOG_COMPILER_APPICON_NAME = AppIcon;
				INFOPLIST_FILE = Cillo/Info.plist;
				LD_RUNPATH_SEARCH_PATHS = "$(inherited) @executable_path/Frameworks";
				PRODUCT_NAME = "$(TARGET_NAME)";
			};
			name = Debug;
		};
		95EFD2C519F8D2B400086BAF /* Release */ = {
			isa = XCBuildConfiguration;
			buildSettings = {
				ASSETCATALOG_COMPILER_APPICON_NAME = AppIcon;
				INFOPLIST_FILE = Cillo/Info.plist;
				LD_RUNPATH_SEARCH_PATHS = "$(inherited) @executable_path/Frameworks";
				PRODUCT_NAME = "$(TARGET_NAME)";
			};
			name = Release;
		};
		95EFD2C719F8D2B400086BAF /* Debug */ = {
			isa = XCBuildConfiguration;
			buildSettings = {
				BUNDLE_LOADER = "$(TEST_HOST)";
				FRAMEWORK_SEARCH_PATHS = (
					"$(SDKROOT)/Developer/Library/Frameworks",
					"$(inherited)",
				);
				GCC_PREPROCESSOR_DEFINITIONS = (
					"DEBUG=1",
					"$(inherited)",
				);
				INFOPLIST_FILE = CilloTests/Info.plist;
				LD_RUNPATH_SEARCH_PATHS = "$(inherited) @executable_path/Frameworks @loader_path/Frameworks";
				PRODUCT_NAME = "$(TARGET_NAME)";
				TEST_HOST = "$(BUILT_PRODUCTS_DIR)/Cillo.app/Cillo";
			};
			name = Debug;
		};
		95EFD2C819F8D2B400086BAF /* Release */ = {
			isa = XCBuildConfiguration;
			buildSettings = {
				BUNDLE_LOADER = "$(TEST_HOST)";
				FRAMEWORK_SEARCH_PATHS = (
					"$(SDKROOT)/Developer/Library/Frameworks",
					"$(inherited)",
				);
				INFOPLIST_FILE = CilloTests/Info.plist;
				LD_RUNPATH_SEARCH_PATHS = "$(inherited) @executable_path/Frameworks @loader_path/Frameworks";
				PRODUCT_NAME = "$(TARGET_NAME)";
				TEST_HOST = "$(BUILT_PRODUCTS_DIR)/Cillo.app/Cillo";
			};
			name = Release;
		};
/* End XCBuildConfiguration section */

/* Begin XCConfigurationList section */
		95EFD29F19F8D2B400086BAF /* Build configuration list for PBXProject "Cillo" */ = {
			isa = XCConfigurationList;
			buildConfigurations = (
				95EFD2C119F8D2B400086BAF /* Debug */,
				95EFD2C219F8D2B400086BAF /* Release */,
			);
			defaultConfigurationIsVisible = 0;
			defaultConfigurationName = Release;
		};
		95EFD2C319F8D2B400086BAF /* Build configuration list for PBXNativeTarget "Cillo" */ = {
			isa = XCConfigurationList;
			buildConfigurations = (
				95EFD2C419F8D2B400086BAF /* Debug */,
				95EFD2C519F8D2B400086BAF /* Release */,
			);
			defaultConfigurationIsVisible = 0;
			defaultConfigurationName = Release;
		};
		95EFD2C619F8D2B400086BAF /* Build configuration list for PBXNativeTarget "CilloTests" */ = {
			isa = XCConfigurationList;
			buildConfigurations = (
				95EFD2C719F8D2B400086BAF /* Debug */,
				95EFD2C819F8D2B400086BAF /* Release */,
			);
			defaultConfigurationIsVisible = 0;
			defaultConfigurationName = Release;
		};
/* End XCConfigurationList section */
	};
	rootObject = 95EFD29C19F8D2B400086BAF /* Project object */;
}
